{
  "name": "Axel",
  "lockfileVersion": 2,
  "requires": true,
  "packages": {
    "": {
      "dependencies": {
        "@syncfusion/ej2-calendars": "^19.4.56"
      }
    },
    "node_modules/@syncfusion/ej2-base": {
      "version": "19.4.52",
      "resolved": "https://registry.npmjs.org/@syncfusion/ej2-base/-/ej2-base-19.4.52.tgz",
      "integrity": "sha512-BMJGjscgl5CGpWQW1y1osv+rcKBPYgPBpSfz8FA0XcqhL6wNjGomALmxHznk7QGWC/4bdUhx6AKsGHutMGm/PA==",
      "dependencies": {
        "@syncfusion/ej2-icons": "~19.4.52"
      }
    },
    "node_modules/@syncfusion/ej2-buttons": {
      "version": "19.4.55",
      "resolved": "https://registry.npmjs.org/@syncfusion/ej2-buttons/-/ej2-buttons-19.4.55.tgz",
      "integrity": "sha512-Ebvh5GfvOEQaB51EI6a9Cfrmkfmu9gbPeRmLPkXZPEokUSxIqyCP216Nm8NlOeEK3EbPxrOy/L1X9m1nOBM40Q==",
      "dependencies": {
        "@syncfusion/ej2-base": "~19.4.52"
      }
    },
    "node_modules/@syncfusion/ej2-calendars": {
      "version": "19.4.56",
      "resolved": "https://registry.npmjs.org/@syncfusion/ej2-calendars/-/ej2-calendars-19.4.56.tgz",
      "integrity": "sha512-QeBsu2OgJF4ZIRjP4H5U27Ge5nTAYC77r4wo4udb7Z8qTQzuhH/J0b6Jj3g3ptxGUUjzLDOL7OpONRnsXzC3JA==",
      "dependencies": {
        "@syncfusion/ej2-base": "~19.4.52",
        "@syncfusion/ej2-buttons": "~19.4.55",
        "@syncfusion/ej2-inputs": "~19.4.52",
        "@syncfusion/ej2-lists": "~19.4.55",
        "@syncfusion/ej2-popups": "~19.4.53"
      }
    },
    "node_modules/@syncfusion/ej2-data": {
      "version": "19.4.54",
      "resolved": "https://registry.npmjs.org/@syncfusion/ej2-data/-/ej2-data-19.4.54.tgz",
      "integrity": "sha512-btJDjKepcaVGtNqVoblhYFhx4sAW1ju+Nq1CBPn4kO0AtRPBQ3Gi47uQgsstkxNMDrv+UG1hNi7PhHpPNOtwUQ==",
      "dependencies": {
        "@syncfusion/ej2-base": "~19.4.52"
      }
    },
    "node_modules/@syncfusion/ej2-icons": {
      "version": "19.4.52",
      "resolved": "https://registry.npmjs.org/@syncfusion/ej2-icons/-/ej2-icons-19.4.52.tgz",
      "integrity": "sha512-hkEvuVA/soEdqFwFSGbj2Z9u6Ajb+4HZNYIKtw6aCwjn/FE5vFuGMFBdkLEX9BRkUl/e/uvyP6/TKBM/nfkY8A=="
    },
    "node_modules/@syncfusion/ej2-inputs": {
      "version": "19.4.52",
      "resolved": "https://registry.npmjs.org/@syncfusion/ej2-inputs/-/ej2-inputs-19.4.52.tgz",
      "integrity": "sha512-141wT1W8DbXM50A1RVHOtruCyPncF6CDOU8RdhtFx9ydbXvbSXH+2i+vKr8UK23qC07z8+YB8/wV7ZAQ5vI0Bw==",
      "dependencies": {
        "@syncfusion/ej2-base": "~19.4.52",
        "@syncfusion/ej2-buttons": "~19.4.52",
        "@syncfusion/ej2-popups": "~19.4.52",
        "@syncfusion/ej2-splitbuttons": "~19.4.52"
      }
    },
    "node_modules/@syncfusion/ej2-lists": {
      "version": "19.4.55",
      "resolved": "https://registry.npmjs.org/@syncfusion/ej2-lists/-/ej2-lists-19.4.55.tgz",
      "integrity": "sha512-EGAcCc2mFOt99oOuT+wXSPEiyfiyHoBSJnAW5pvdCU1mI7FYcArCPVNLY5ynCgngQ7Ih0XxFPkuzEC0qmwlokA==",
      "dependencies": {
        "@syncfusion/ej2-base": "~19.4.52",
        "@syncfusion/ej2-buttons": "~19.4.55",
        "@syncfusion/ej2-data": "~19.4.54"
      }
    },
    "node_modules/@syncfusion/ej2-popups": {
      "version": "19.4.53",
      "resolved": "https://registry.npmjs.org/@syncfusion/ej2-popups/-/ej2-popups-19.4.53.tgz",
      "integrity": "sha512-B0Uen6IFsmPR3Ws8NIIszJ2ECpWrH7VFCqcGL1DQnp9tm6+iEafv84ziffVoC4nGj2mHaHl7tNSoZTnOo/TcgQ==",
      "dependencies": {
        "@syncfusion/ej2-base": "~19.4.52",
        "@syncfusion/ej2-buttons": "~19.4.53"
      }
    },
    "node_modules/@syncfusion/ej2-splitbuttons": {
      "version": "19.4.52",
      "resolved": "https://registry.npmjs.org/@syncfusion/ej2-splitbuttons/-/ej2-splitbuttons-19.4.52.tgz",
      "integrity": "sha512-EmUh/3gwW04nCF/0UUfS6w3nl6Sy62ysPFqzwFTu9972DHr4R5W7t147PMJnFRa9Q0i/ud5a9/jERU7quaxBDw==",
      "dependencies": {
        "@syncfusion/ej2-base": "~19.4.52",
        "@syncfusion/ej2-popups": "~19.4.52"
      }
    }
  },
  "dependencies": {
    "@syncfusion/ej2-base": {
      "version": "19.4.52",
      "resolved": "https://registry.npmjs.org/@syncfusion/ej2-base/-/ej2-base-19.4.52.tgz",
      "integrity": "sha512-BMJGjscgl5CGpWQW1y1osv+rcKBPYgPBpSfz8FA0XcqhL6wNjGomALmxHznk7QGWC/4bdUhx6AKsGHutMGm/PA==",
      "requires": {
        "@syncfusion/ej2-icons": "~19.4.52"
      }
    },
    "@syncfusion/ej2-buttons": {
      "version": "19.4.55",
      "resolved": "https://registry.npmjs.org/@syncfusion/ej2-buttons/-/ej2-buttons-19.4.55.tgz",
      "integrity": "sha512-Ebvh5GfvOEQaB51EI6a9Cfrmkfmu9gbPeRmLPkXZPEokUSxIqyCP216Nm8NlOeEK3EbPxrOy/L1X9m1nOBM40Q==",
      "requires": {
        "@syncfusion/ej2-base": "~19.4.52"
      }
    },
    "@syncfusion/ej2-calendars": {
      "version": "19.4.56",
      "resolved": "https://registry.npmjs.org/@syncfusion/ej2-calendars/-/ej2-calendars-19.4.56.tgz",
      "integrity": "sha512-QeBsu2OgJF4ZIRjP4H5U27Ge5nTAYC77r4wo4udb7Z8qTQzuhH/J0b6Jj3g3ptxGUUjzLDOL7OpONRnsXzC3JA==",
      "requires": {
        "@syncfusion/ej2-base": "~19.4.52",
        "@syncfusion/ej2-buttons": "~19.4.55",
        "@syncfusion/ej2-inputs": "~19.4.52",
        "@syncfusion/ej2-lists": "~19.4.55",
        "@syncfusion/ej2-popups": "~19.4.53"
      }
    },
    "@syncfusion/ej2-data": {
      "version": "19.4.54",
      "resolved": "https://registry.npmjs.org/@syncfusion/ej2-data/-/ej2-data-19.4.54.tgz",
      "integrity": "sha512-btJDjKepcaVGtNqVoblhYFhx4sAW1ju+Nq1CBPn4kO0AtRPBQ3Gi47uQgsstkxNMDrv+UG1hNi7PhHpPNOtwUQ==",
      "requires": {
        "@syncfusion/ej2-base": "~19.4.52"
      }
    },
    "@syncfusion/ej2-icons": {
      "version": "19.4.52",
      "resolved": "https://registry.npmjs.org/@syncfusion/ej2-icons/-/ej2-icons-19.4.52.tgz",
      "integrity": "sha512-hkEvuVA/soEdqFwFSGbj2Z9u6Ajb+4HZNYIKtw6aCwjn/FE5vFuGMFBdkLEX9BRkUl/e/uvyP6/TKBM/nfkY8A=="
    },
    "@syncfusion/ej2-inputs": {
      "version": "19.4.52",
      "resolved": "https://registry.npmjs.org/@syncfusion/ej2-inputs/-/ej2-inputs-19.4.52.tgz",
      "integrity": "sha512-141wT1W8DbXM50A1RVHOtruCyPncF6CDOU8RdhtFx9ydbXvbSXH+2i+vKr8UK23qC07z8+YB8/wV7ZAQ5vI0Bw==",
      "requires": {
        "@syncfusion/ej2-base": "~19.4.52",
        "@syncfusion/ej2-buttons": "~19.4.52",
        "@syncfusion/ej2-popups": "~19.4.52",
        "@syncfusion/ej2-splitbuttons": "~19.4.52"
      }
    },
    "@syncfusion/ej2-lists": {
      "version": "19.4.55",
      "resolved": "https://registry.npmjs.org/@syncfusion/ej2-lists/-/ej2-lists-19.4.55.tgz",
      "integrity": "sha512-EGAcCc2mFOt99oOuT+wXSPEiyfiyHoBSJnAW5pvdCU1mI7FYcArCPVNLY5ynCgngQ7Ih0XxFPkuzEC0qmwlokA==",
      "requires": {
        "@syncfusion/ej2-base": "~19.4.52",
        "@syncfusion/ej2-buttons": "~19.4.55",
        "@syncfusion/ej2-data": "~19.4.54"
      }
    },
    "@syncfusion/ej2-popups": {
      "version": "19.4.53",
      "resolved": "https://registry.npmjs.org/@syncfusion/ej2-popups/-/ej2-popups-19.4.53.tgz",
      "integrity": "sha512-B0Uen6IFsmPR3Ws8NIIszJ2ECpWrH7VFCqcGL1DQnp9tm6+iEafv84ziffVoC4nGj2mHaHl7tNSoZTnOo/TcgQ==",
      "requires": {
        "@syncfusion/ej2-base": "~19.4.52",
        "@syncfusion/ej2-buttons": "~19.4.53"
      }
    },
    "@syncfusion/ej2-splitbuttons": {
      "version": "19.4.52",
      "resolved": "https://registry.npmjs.org/@syncfusion/ej2-splitbuttons/-/ej2-splitbuttons-19.4.52.tgz",
      "integrity": "sha512-EmUh/3gwW04nCF/0UUfS6w3nl6Sy62ysPFqzwFTu9972DHr4R5W7t147PMJnFRa9Q0i/ud5a9/jERU7quaxBDw==",
      "requires": {
        "@syncfusion/ej2-base": "~19.4.52",
        "@syncfusion/ej2-popups": "~19.4.52"
      }
    }
  }
}
